// !$*UTF8*$!
{
	archiveVersion = 1;
	classes = {
	};
	objectVersion = 56;
	objects = {

/* Begin PBXBuildFile section */
		DD524AC82A6A14E100C70E52 /* AppDelegate.swift in Sources */ = {isa = PBXBuildFile; fileRef = DD524AC72A6A14E100C70E52 /* AppDelegate.swift */; };
		DD524ACA2A6A14E100C70E52 /* SceneDelegate.swift in Sources */ = {isa = PBXBuildFile; fileRef = DD524AC92A6A14E100C70E52 /* SceneDelegate.swift */; };
		DD524ACC2A6A14E100C70E52 /* ViewController.swift in Sources */ = {isa = PBXBuildFile; fileRef = DD524ACB2A6A14E100C70E52 /* ViewController.swift */; };
		DD524ACF2A6A14E100C70E52 /* Main.storyboard in Resources */ = {isa = PBXBuildFile; fileRef = DD524ACD2A6A14E100C70E52 /* Main.storyboard */; };
		DD524AD12A6A14E300C70E52 /* Assets.xcassets in Resources */ = {isa = PBXBuildFile; fileRef = DD524AD02A6A14E300C70E52 /* Assets.xcassets */; };
		DD524AD42A6A14E300C70E52 /* LaunchScreen.storyboard in Resources */ = {isa = PBXBuildFile; fileRef = DD524AD22A6A14E300C70E52 /* LaunchScreen.storyboard */; };
		DD524ADC2A6A1C3900C70E52 /* HomeViewController.swift in Sources */ = {isa = PBXBuildFile; fileRef = DD524ADB2A6A1C3900C70E52 /* HomeViewController.swift */; };
		DD524ADE2A6A1FE400C70E52 /* JavaViewController.swift in Sources */ = {isa = PBXBuildFile; fileRef = DD524ADD2A6A1FE400C70E52 /* JavaViewController.swift */; };
		DD524AE02A6A201B00C70E52 /* PythonViewController.swift in Sources */ = {isa = PBXBuildFile; fileRef = DD524ADF2A6A201B00C70E52 /* PythonViewController.swift */; };
/* End PBXBuildFile section */

/* Begin PBXFileReference section */
		DD524AC42A6A14E100C70E52 /* 01_Tabbar_Controller.app */ = {isa = PBXFileReference; explicitFileType = wrapper.application; includeInIndex = 0; path = 01_Tabbar_Controller.app; sourceTree = BUILT_PRODUCTS_DIR; };
		DD524AC72A6A14E100C70E52 /* AppDelegate.swift */ = {isa = PBXFileReference; lastKnownFileType = sourcecode.swift; path = AppDelegate.swift; sourceTree = "<group>"; };
		DD524AC92A6A14E100C70E52 /* SceneDelegate.swift */ = {isa = PBXFileReference; lastKnownFileType = sourcecode.swift; path = SceneDelegate.swift; sourceTree = "<group>"; };
		DD524ACB2A6A14E100C70E52 /* ViewController.swift */ = {isa = PBXFileReference; lastKnownFileType = sourcecode.swift; path = ViewController.swift; sourceTree = "<group>"; };
		DD524ACE2A6A14E100C70E52 /* Base */ = {isa = PBXFileReference; lastKnownFileType = file.storyboard; name = Base; path = Base.lproj/Main.storyboard; sourceTree = "<group>"; };
		DD524AD02A6A14E300C70E52 /* Assets.xcassets */ = {isa = PBXFileReference; lastKnownFileType = folder.assetcatalog; path = Assets.xcassets; sourceTree = "<group>"; };
		DD524AD32A6A14E300C70E52 /* Base */ = {isa = PBXFileReference; lastKnownFileType = file.storyboard; name = Base; path = Base.lproj/LaunchScreen.storyboard; sourceTree = "<group>"; };
		DD524AD52A6A14E300C70E52 /* Info.plist */ = {isa = PBXFileReference; lastKnownFileType = text.plist.xml; path = Info.plist; sourceTree = "<group>"; };
		DD524ADB2A6A1C3900C70E52 /* HomeViewController.swift */ = {isa = PBXFileReference; lastKnownFileType = sourcecode.swift; path = HomeViewController.swift; sourceTree = "<group>"; };
		DD524ADD2A6A1FE400C70E52 /* JavaViewController.swift */ = {isa = PBXFileReference; lastKnownFileType = sourcecode.swift; path = JavaViewController.swift; sourceTree = "<group>"; };
		DD524ADF2A6A201B00C70E52 /* PythonViewController.swift */ = {isa = PBXFileReference; lastKnownFileType = sourcecode.swift; path = PythonViewController.swift; sourceTree = "<group>"; };
/* End PBXFileReference section */

/* Begin PBXFrameworksBuildPhase section */
		DD524AC12A6A14E100C70E52 /* Frameworks */ = {
			isa = PBXFrameworksBuildPhase;
			buildActionMask = 2147483647;
			files = (
			);
			runOnlyForDeploymentPostprocessing = 0;
		};
/* End PBXFrameworksBuildPhase section */

/* Begin PBXGroup section */
		DD524ABB2A6A14E100C70E52 = {
			isa = PBXGroup;
			children = (
				DD524AC62A6A14E100C70E52 /* 01_Tabbar_Controller */,
				DD524AC52A6A14E100C70E52 /* Products */,
			);
			sourceTree = "<group>";
		};
		DD524AC52A6A14E100C70E52 /* Products */ = {
			isa = PBXGroup;
			children = (
				DD524AC42A6A14E100C70E52 /* 01_Tabbar_Controller.app */,
			);
			name = Products;
			sourceTree = "<group>";
		};
		DD524AC62A6A14E100C70E52 /* 01_Tabbar_Controller */ = {
			isa = PBXGroup;
			children = (
				DD524AC72A6A14E100C70E52 /* AppDelegate.swift */,
				DD524AC92A6A14E100C70E52 /* SceneDelegate.swift */,
				DD524ACB2A6A14E100C70E52 /* ViewController.swift */,
				DD524ADF2A6A201B00C70E52 /* PythonViewController.swift */,
				DD524ADD2A6A1FE400C70E52 /* JavaViewController.swift */,
				DD524ADB2A6A1C3900C70E52 /* HomeViewController.swift */,
				DD524ACD2A6A14E100C70E52 /* Main.storyboard */,
				DD524AD02A6A14E300C70E52 /* Assets.xcassets */,
				DD524AD22A6A14E300C70E52 /* LaunchScreen.storyboard */,
				DD524AD52A6A14E300C70E52 /* Info.plist */,
			);
			path = 01_Tabbar_Controller;
			sourceTree = "<group>";
		};
/* End PBXGroup section */

/* Begin PBXNativeTarget section */
		DD524AC32A6A14E100C70E52 /* 01_Tabbar_Controller */ = {
			isa = PBXNativeTarget;
			buildConfigurationList = DD524AD82A6A14E300C70E52 /* Build configuration list for PBXNativeTarget "01_Tabbar_Controller" */;
			buildPhases = (
				DD524AC02A6A14E100C70E52 /* Sources */,
				DD524AC12A6A14E100C70E52 /* Frameworks */,
				DD524AC22A6A14E100C70E52 /* Resources */,
			);
			buildRules = (
			);
			dependencies = (
			);
			name = 01_Tabbar_Controller;
			productName = 01_Tabbar_Controller;
			productReference = DD524AC42A6A14E100C70E52 /* 01_Tabbar_Controller.app */;
			productType = "com.apple.product-type.application";
		};
/* End PBXNativeTarget section */

/* Begin PBXProject section */
		DD524ABC2A6A14E100C70E52 /* Project object */ = {
			isa = PBXProject;
			attributes = {
				BuildIndependentTargetsInParallel = 1;
				LastSwiftUpdateCheck = 1420;
				LastUpgradeCheck = 1420;
				TargetAttributes = {
					DD524AC32A6A14E100C70E52 = {
						CreatedOnToolsVersion = 14.2;
					};
				};
			};
			buildConfigurationList = DD524ABF2A6A14E100C70E52 /* Build configuration list for PBXProject "01_Tabbar_Controller" */;
			compatibilityVersion = "Xcode 14.0";
			developmentRegion = en;
			hasScannedForEncodings = 0;
			knownRegions = (
				en,
				Base,
			);
			mainGroup = DD524ABB2A6A14E100C70E52;
			productRefGroup = DD524AC52A6A14E100C70E52 /* Products */;
			projectDirPath = "";
			projectRoot = "";
			targets = (
				DD524AC32A6A14E100C70E52 /* 01_Tabbar_Controller */,
			);
		};
/* End PBXProject section */

/* Begin PBXResourcesBuildPhase section */
		DD524AC22A6A14E100C70E52 /* Resources */ = {
			isa = PBXResourcesBuildPhase;
			buildActionMask = 2147483647;
			files = (
				DD524AD42A6A14E300C70E52 /* LaunchScreen.storyboard in Resources */,
				DD524AD12A6A14E300C70E52 /* Assets.xcassets in Resources */,
				DD524ACF2A6A14E100C70E52 /* Main.storyboard in Resources */,
			);
			runOnlyForDeploymentPostprocessing = 0;
		};
/* End PBXResourcesBuildPhase section */

/* Begin PBXSourcesBuildPhase section */
		DD524AC02A6A14E100C70E52 /* Sources */ = {
			isa = PBXSourcesBuildPhase;
			buildActionMask = 2147483647;
			files = (
				DD524ADE2A6A1FE400C70E52 /* JavaViewController.swift in Sources */,
				DD524ACC2A6A14E100C70E52 /* ViewController.swift in Sources */,
				DD524AE02A6A201B00C70E52 /* PythonViewController.swift in Sources */,
				DD524AC82A6A14E100C70E52 /* AppDelegate.swift in Sources */,
				DD524ACA2A6A14E100C70E52 /* SceneDelegate.swift in Sources */,
				DD524ADC2A6A1C3900C70E52 /* HomeViewController.swift in Sources */,
			);
			runOnlyForDeploymentPostprocessing = 0;
		};
/* End PBXSourcesBuildPhase section */

/* Begin PBXVariantGroup section */
		DD524ACD2A6A14E100C70E52 /* Main.storyboard */ = {
			isa = PBXVariantGroup;
			children = (
				DD524ACE2A6A14E100C70E52 /* Base */,
			);
			name = Main.storyboard;
			sourceTree = "<group>";
		};
		DD524AD22A6A14E300C70E52 /* LaunchScreen.storyboard */ = {
			isa = PBXVariantGroup;
			children = (
				DD524AD32A6A14E300C70E52 /* Base */,
			);
			name = LaunchScreen.storyboard;
			sourceTree = "<group>";
		};
/* End PBXVariantGroup section */

/* Begin XCBuildConfiguration section */
		DD524AD62A6A14E300C70E52 /* Debug */ = {
			isa = XCBuildConfiguration;
			buildSettings = {
				ALWAYS_SEARCH_USER_PATHS = NO;
				CLANG_ANALYZER_NONNULL = YES;
				CLANG_ANALYZER_NUMBER_OBJECT_CONVERSION = YES_AGGRESSIVE;
				CLANG_CXX_LANGUAGE_STANDARD = "gnu++20";
				CLANG_ENABLE_MODULES = YES;
				CLANG_ENABLE_OBJC_ARC = YES;
				CLANG_ENABLE_OBJC_WEAK = YES;
				CLANG_WARN_BLOCK_CAPTURE_AUTORELEASING = YES;
				CLANG_WARN_BOOL_CONVERSION = YES;
				CLANG_WARN_COMMA = YES;
				CLANG_WARN_CONSTANT_CONVERSION = YES;
				CLANG_WARN_DEPRECATED_OBJC_IMPLEMENTATIONS = YES;
				CLANG_WARN_DIRECT_OBJC_ISA_USAGE = YES_ERROR;
				CLANG_WARN_DOCUMENTATION_COMMENTS = YES;
				CLANG_WARN_EMPTY_BODY = YES;
				CLANG_WARN_ENUM_CONVERSION = YES;
				CLANG_WARN_INFINITE_RECURSION = YES;
				CLANG_WARN_INT_CONVERSION = YES;
				CLANG_WARN_NON_LITERAL_NULL_CONVERSION = YES;
				CLANG_WARN_OBJC_IMPLICIT_RETAIN_SELF = YES;
				CLANG_WARN_OBJC_LITERAL_CONVERSION = YES;
				CLANG_WARN_OBJC_ROOT_CLASS = YES_ERROR;
				CLANG_WARN_QUOTED_INCLUDE_IN_FRAMEWORK_HEADER = YES;
				CLANG_WARN_RANGE_LOOP_ANALYSIS = YES;
				CLANG_WARN_STRICT_PROTOTYPES = YES;
				CLANG_WARN_SUSPICIOUS_MOVE = YES;
				CLANG_WARN_UNGUARDED_AVAILABILITY = YES_AGGRESSIVE;
				CLANG_WARN_UNREACHABLE_CODE = YES;
				CLANG_WARN__DUPLICATE_METHOD_MATCH = YES;
				COPY_PHASE_STRIP = NO;
				DEBUG_INFORMATION_FORMAT = dwarf;
				ENABLE_STRICT_OBJC_MSGSEND = YES;
				ENABLE_TESTABILITY = YES;
				GCC_C_LANGUAGE_STANDARD = gnu11;
				GCC_DYNAMIC_NO_PIC = NO;
				GCC_NO_COMMON_BLOCKS = YES;
				GCC_OPTIMIZATION_LEVEL = 0;
				GCC_PREPROCESSOR_DEFINITIONS = (
					"DEBUG=1",
					"$(inherited)",
				);
				GCC_WARN_64_TO_32_BIT_CONVERSION = YES;
				GCC_WARN_ABOUT_RETURN_TYPE = YES_ERROR;
				GCC_WARN_UNDECLARED_SELECTOR = YES;
				GCC_WARN_UNINITIALIZED_AUTOS = YES_AGGRESSIVE;
				GCC_WARN_UNUSED_FUNCTION = YES;
				GCC_WARN_UNUSED_VARIABLE = YES;
				IPHONEOS_DEPLOYMENT_TARGET = 16.2;
				MTL_ENABLE_DEBUG_INFO = INCLUDE_SOURCE;
				MTL_FAST_MATH = YES;
				ONLY_ACTIVE_ARCH = YES;
				SDKROOT = iphoneos;
				SWIFT_ACTIVE_COMPILATION_CONDITIONS = DEBUG;
				SWIFT_OPTIMIZATION_LEVEL = "-Onone";
			};
			name = Debug;
		};
		DD524AD72A6A14E300C70E52 /* Release */ = {
			isa = XCBuildConfiguration;
			buildSettings = {
				ALWAYS_SEARCH_USER_PATHS = NO;
				CLANG_ANALYZER_NONNULL = YES;
				CLANG_ANALYZER_NUMBER_OBJECT_CONVERSION = YES_AGGRESSIVE;
				CLANG_CXX_LANGUAGE_STANDARD = "gnu++20";
				CLANG_ENABLE_MODULES = YES;
				CLANG_ENABLE_OBJC_ARC = YES;
				CLANG_ENABLE_OBJC_WEAK = YES;
				CLANG_WARN_BLOCK_CAPTURE_AUTORELEASING = YES;
				CLANG_WARN_BOOL_CONVERSION = YES;
				CLANG_WARN_COMMA = YES;
				CLANG_WARN_CONSTANT_CONVERSION = YES;
				CLANG_WARN_DEPRECATED_OBJC_IMPLEMENTATIONS = YES;
				CLANG_WARN_DIRECT_OBJC_ISA_USAGE = YES_ERROR;
				CLANG_WARN_DOCUMENTATION_COMMENTS = YES;
				CLANG_WARN_EMPTY_BODY = YES;
				CLANG_WARN_ENUM_CONVERSION = YES;
				CLANG_WARN_INFINITE_RECURSION = YES;
				CLANG_WARN_INT_CONVERSION = YES;
				CLANG_WARN_NON_LITERAL_NULL_CONVERSION = YES;
				CLANG_WARN_OBJC_IMPLICIT_RETAIN_SELF = YES;
				CLANG_WARN_OBJC_LITERAL_CONVERSION = YES;
				CLANG_WARN_OBJC_ROOT_CLASS = YES_ERROR;
				CLANG_WARN_QUOTED_INCLUDE_IN_FRAMEWORK_HEADER = YES;
				CLANG_WARN_RANGE_LOOP_ANALYSIS = YES;
				CLANG_WARN_STRICT_PROTOTYPES = YES;
				CLANG_WARN_SUSPICIOUS_MOVE = YES;
				CLANG_WARN_UNGUARDED_AVAILABILITY = YES_AGGRESSIVE;
				CLANG_WARN_UNREACHABLE_CODE = YES;
				CLANG_WARN__DUPLICATE_METHOD_MATCH = YES;
				COPY_PHASE_STRIP = NO;
				DEBUG_INFORMATION_FORMAT = "dwarf-with-dsym";
				ENABLE_NS_ASSERTIONS = NO;
				ENABLE_STRICT_OBJC_MSGSEND = YES;
				GCC_C_LANGUAGE_STANDARD = gnu11;
				GCC_NO_COMMON_BLOCKS = YES;
				GCC_WARN_64_TO_32_BIT_CONVERSION = YES;
				GCC_WARN_ABOUT_RETURN_TYPE = YES_ERROR;
				GCC_WARN_UNDECLARED_SELECTOR = YES;
				GCC_WARN_UNINITIALIZED_AUTOS = YES_AGGRESSIVE;
				GCC_WARN_UNUSED_FUNCTION = YES;
				GCC_WARN_UNUSED_VARIABLE = YES;
				IPHONEOS_DEPLOYMENT_TARGET = 16.2;
				MTL_ENABLE_DEBUG_INFO = NO;
				MTL_FAST_MATH = YES;
				SDKROOT = iphoneos;
				SWIFT_COMPILATION_MODE = wholemodule;
				SWIFT_OPTIMIZATION_LEVEL = "-O";
				VALIDATE_PRODUCT = YES;
			};
			name = Release;
		};
		DD524AD92A6A14E300C70E52 /* Debug */ = {
			isa = XCBuildConfiguration;
			buildSettings = {
				ASSETCATALOG_COMPILER_APPICON_NAME = AppIcon;
				ASSETCATALOG_COMPILER_GLOBAL_ACCENT_COLOR_NAME = AccentColor;
				CODE_SIGN_STYLE = Automatic;
				CURRENT_PROJECT_VERSION = 1;
				GENERATE_INFOPLIST_FILE = YES;
				INFOPLIST_FILE = 01_Tabbar_Controller/Info.plist;
				INFOPLIST_KEY_UIApplicationSupportsIndirectInputEvents = YES;
				INFOPLIST_KEY_UILaunchStoryboardName = LaunchScreen;
				INFOPLIST_KEY_UIMainStoryboardFile = Main;
				INFOPLIST_KEY_UISupportedInterfaceOrientations_iPad = "UIInterfaceOrientationPortrait UIInterfaceOrientationPortraitUpsideDown UIInterfaceOrientationLandscapeLeft UIInterfaceOrientationLandscapeRight";
				INFOPLIST_KEY_UISupportedInterfaceOrientations_iPhone = "UIInterfaceOrientationPortrait UIInterfaceOrientationLandscapeLeft UIInterfaceOrientationLandscapeRight";
				LD_RUNPATH_SEARCH_PATHS = (
					"$(inherited)",
					"@executable_path/Frameworks",
				);
				MARKETING_VERSION = 1.0;
				PRODUCT_BUNDLE_IDENTIFIER = "Original.-1-Tabbar-Controller";
				PRODUCT_NAME = "$(TARGET_NAME)";
				SWIFT_EMIT_LOC_STRINGS = YES;
				SWIFT_VERSION = 5.0;
				TARGETED_DEVICE_FAMILY = "1,2";
			};
			name = Debug;
		};
		DD524ADA2A6A14E300C70E52 /* Release */ = {
			isa = XCBuildConfiguration;
			buildSettings = {
				ASSETCATALOG_COMPILER_APPICON_NAME = AppIcon;
				ASSETCATALOG_COMPILER_GLOBAL_ACCENT_COLOR_NAME = AccentColor;
				CODE_SIGN_STYLE = Automatic;
				CURRENT_PROJECT_VERSION = 1;
				GENERATE_INFOPLIST_FILE = YES;
				INFOPLIST_FILE = 01_Tabbar_Controller/Info.plist;
				INFOPLIST_KEY_UIApplicationSupportsIndirectInputEvents = YES;
				INFOPLIST_KEY_UILaunchStoryboardName = LaunchScreen;
				INFOPLIST_KEY_UIMainStoryboardFile = Main;
				INFOPLIST_KEY_UISupportedInterfaceOrientations_iPad = "UIInterfaceOrientationPortrait UIInterfaceOrientationPortraitUpsideDown UIInterfaceOrientationLandscapeLeft UIInterfaceOrientationLandscapeRight";
				INFOPLIST_KEY_UISupportedInterfaceOrientations_iPhone = "UIInterfaceOrientationPortrait UIInterfaceOrientationLandscapeLeft UIInterfaceOrientationLandscapeRight";
				LD_RUNPATH_SEARCH_PATHS = (
					"$(inherited)",
					"@executable_path/Frameworks",
				);
				MARKETING_VERSION = 1.0;
				PRODUCT_BUNDLE_IDENTIFIER = "Original.-1-Tabbar-Controller";
				PRODUCT_NAME = "$(TARGET_NAME)";
				SWIFT_EMIT_LOC_STRINGS = YES;
				SWIFT_VERSION = 5.0;
				TARGETED_DEVICE_FAMILY = "1,2";
			};
			name = Release;
		};
/* End XCBuildConfiguration section */

/* Begin XCConfigurationList section */
		DD524ABF2A6A14E100C70E52 /* Build configuration list for PBXProject "01_Tabbar_Controller" */ = {
			isa = XCConfigurationList;
			buildConfigurations = (
				DD524AD62A6A14E300C70E52 /* Debug */,
				DD524AD72A6A14E300C70E52 /* Release */,
			);
			defaultConfigurationIsVisible = 0;
			defaultConfigurationName = Release;
		};
		DD524AD82A6A14E300C70E52 /* Build configuration list for PBXNativeTarget "01_Tabbar_Controller" */ = {
			isa = XCConfigurationList;
			buildConfigurations = (
				DD524AD92A6A14E300C70E52 /* Debug */,
				DD524ADA2A6A14E300C70E52 /* Release */,
			);
			defaultConfigurationIsVisible = 0;
			defaultConfigurationName = Release;
		};
/* End XCConfigurationList section */
	};
	rootObject = DD524ABC2A6A14E100C70E52 /* Project object */;
}
